
Microsoft Visual Studio Solution File, Format Version 12.00
# Visual Studio Version 17
VisualStudioVersion = 17.14.36310.24 d17.14
MinimumVisualStudioVersion = 10.0.40219.1
Project("{8BC9CEB8-8B4A-11D0-8D11-00A0C91BC942}") = "Cosmos", "Cosmos.vcxproj", "{F9FE6B96-8379-464D-A40C-487C2F53F2A6}"
EndProject
Global
	GlobalSection(SolutionConfigurationPlatforms) = preSolution
		Debug|x64 = Debug|x64
		Debug|x86 = Debug|x86
		Release|x64 = Release|x64
		Release|x86 = Release|x86
	EndGlobalSection
	GlobalSection(ProjectConfigurationPlatforms) = postSolution
		{F9FE6B96-8379-464D-A40C-487C2F53F2A6}.Debug|x64.ActiveCfg = Debug|x64
		{F9FE6B96-8379-464D-A40C-487C2F53F2A6}.Debug|x64.Build.0 = Debug|x64
		{F9FE6B96-8379-464D-A40C-487C2F53F2A6}.Debug|x86.ActiveCfg = Debug|Win32
		{F9FE6B96-8379-464D-A40C-487C2F53F2A6}.Debug|x86.Build.0 = Debug|Win32
		{F9FE6B96-8379-464D-A40C-487C2F53F2A6}.Release|x64.ActiveCfg = Release|x64
		{F9FE6B96-8379-464D-A40C-487C2F53F2A6}.Release|x64.Build.0 = Release|x64
		{F9FE6B96-8379-464D-A40C-487C2F53F2A6}.Release|x86.ActiveCfg = Release|Win32
		{F9FE6B96-8379-464D-A40C-487C2F53F2A6}.Release|x86.Build.0 = Release|Win32
	EndGlobalSection
	GlobalSection(SolutionProperties) = preSolution
		HideSolutionNode = FALSE
	EndGlobalSection
	GlobalSection(ExtensibilityGlobals) = postSolution
		SolutionGuid = {28EE04CA-3194-4F66-A158-CE85A74FD698}
	EndGlobalSection
EndGlobal
